
Microsoft Visual Studio Solution File, Format Version 12.00
# Visual Studio 14
VisualStudioVersion = 14.0.25420.1
MinimumVisualStudioVersion = 10.0.40219.1
Project("{FAE04EC0-301F-11D3-BF4B-00C04F79EFBC}") = "NetStatus", "NetStatus\NetStatus\NetStatus.csproj", "{A985FF39-8BE4-465E-A444-7EBFA1C9A9C2}"
EndProject
Project("{FAE04EC0-301F-11D3-BF4B-00C04F79EFBC}") = "NetStatus.Droid", "NetStatus\NetStatus.Droid\NetStatus.Droid.csproj", "{493152BD-9C53-4262-8E50-56618EDE7C95}"
EndProject
Project("{FAE04EC0-301F-11D3-BF4B-00C04F79EFBC}") = "NetStatus.iOS", "NetStatus\NetStatus.iOS\NetStatus.iOS.csproj", "{59936669-5868-46AA-89CF-44E0946EC43B}"
EndProject
Project("{FAE04EC0-301F-11D3-BF4B-00C04F79EFBC}") = "NetStatus.WinPhone", "NetStatus\NetStatus.WinPhone\NetStatus.WinPhone.csproj", "{CFD82671-83A3-4841-8687-8FCF11DF1477}"
EndProject
Project("{FAE04EC0-301F-11D3-BF4B-00C04F79EFBC}") = "NetStatus.UWP", "NetStatus\NetStatus.UWP\NetStatus.UWP.csproj", "{D8854C4B-DD21-4D5D-B36C-84296D1ABDB3}"
EndProject
Project("{FAE04EC0-301F-11D3-BF4B-00C04F79EFBC}") = "NetStatus.Windows", "NetStatus\NetStatus.Windows\NetStatus.Windows.csproj", "{7852C673-F9FE-4C64-A886-8E5CBC4F26DF}"
EndProject
Global
	GlobalSection(SolutionConfigurationPlatforms) = preSolution
		Ad-Hoc|Any CPU = Ad-Hoc|Any CPU
		Ad-Hoc|ARM = Ad-Hoc|ARM
		Ad-Hoc|iPhone = Ad-Hoc|iPhone
		Ad-Hoc|iPhoneSimulator = Ad-Hoc|iPhoneSimulator
		Ad-Hoc|x64 = Ad-Hoc|x64
		Ad-Hoc|x86 = Ad-Hoc|x86
		AppStore|Any CPU = AppStore|Any CPU
		AppStore|ARM = AppStore|ARM
		AppStore|iPhone = AppStore|iPhone
		AppStore|iPhoneSimulator = AppStore|iPhoneSimulator
		AppStore|x64 = AppStore|x64
		AppStore|x86 = AppStore|x86
		Debug|Any CPU = Debug|Any CPU
		Debug|ARM = Debug|ARM
		Debug|iPhone = Debug|iPhone
		Debug|iPhoneSimulator = Debug|iPhoneSimulator
		Debug|x64 = Debug|x64
		Debug|x86 = Debug|x86
		Release|Any CPU = Release|Any CPU
		Release|ARM = Release|ARM
		Release|iPhone = Release|iPhone
		Release|iPhoneSimulator = Release|iPhoneSimulator
		Release|x64 = Release|x64
		Release|x86 = Release|x86
	EndGlobalSection
	GlobalSection(ProjectConfigurationPlatforms) = postSolution
		{A985FF39-8BE4-465E-A444-7EBFA1C9A9C2}.Ad-Hoc|Any CPU.ActiveCfg = Release|Any CPU
		{A985FF39-8BE4-465E-A444-7EBFA1C9A9C2}.Ad-Hoc|Any CPU.Build.0 = Release|Any CPU
		{A985FF39-8BE4-465E-A444-7EBFA1C9A9C2}.Ad-Hoc|ARM.ActiveCfg = Release|Any CPU
		{A985FF39-8BE4-465E-A444-7EBFA1C9A9C2}.Ad-Hoc|ARM.Build.0 = Release|Any CPU
		{A985FF39-8BE4-465E-A444-7EBFA1C9A9C2}.Ad-Hoc|iPhone.ActiveCfg = Release|Any CPU
		{A985FF39-8BE4-465E-A444-7EBFA1C9A9C2}.Ad-Hoc|iPhone.Build.0 = Release|Any CPU
		{A985FF39-8BE4-465E-A444-7EBFA1C9A9C2}.Ad-Hoc|iPhoneSimulator.ActiveCfg = Release|Any CPU
		{A985FF39-8BE4-465E-A444-7EBFA1C9A9C2}.Ad-Hoc|iPhoneSimulator.Build.0 = Release|Any CPU
		{A985FF39-8BE4-465E-A444-7EBFA1C9A9C2}.Ad-Hoc|x64.ActiveCfg = Release|Any CPU
		{A985FF39-8BE4-465E-A444-7EBFA1C9A9C2}.Ad-Hoc|x64.Build.0 = Release|Any CPU
		{A985FF39-8BE4-465E-A444-7EBFA1C9A9C2}.Ad-Hoc|x86.ActiveCfg = Release|Any CPU
		{A985FF39-8BE4-465E-A444-7EBFA1C9A9C2}.Ad-Hoc|x86.Build.0 = Release|Any CPU
		{A985FF39-8BE4-465E-A444-7EBFA1C9A9C2}.AppStore|Any CPU.ActiveCfg = Release|Any CPU
		{A985FF39-8BE4-465E-A444-7EBFA1C9A9C2}.AppStore|Any CPU.Build.0 = Release|Any CPU
		{A985FF39-8BE4-465E-A444-7EBFA1C9A9C2}.AppStore|ARM.ActiveCfg = Release|Any CPU
		{A985FF39-8BE4-465E-A444-7EBFA1C9A9C2}.AppStore|ARM.Build.0 = Release|Any CPU
		{A985FF39-8BE4-465E-A444-7EBFA1C9A9C2}.AppStore|iPhone.ActiveCfg = Release|Any CPU
		{A985FF39-8BE4-465E-A444-7EBFA1C9A9C2}.AppStore|iPhone.Build.0 = Release|Any CPU
		{A985FF39-8BE4-465E-A444-7EBFA1C9A9C2}.AppStore|iPhoneSimulator.ActiveCfg = Release|Any CPU
		{A985FF39-8BE4-465E-A444-7EBFA1C9A9C2}.AppStore|iPhoneSimulator.Build.0 = Release|Any CPU
		{A985FF39-8BE4-465E-A444-7EBFA1C9A9C2}.AppStore|x64.ActiveCfg = Release|Any CPU
		{A985FF39-8BE4-465E-A444-7EBFA1C9A9C2}.AppStore|x64.Build.0 = Release|Any CPU
		{A985FF39-8BE4-465E-A444-7EBFA1C9A9C2}.AppStore|x86.ActiveCfg = Release|Any CPU
		{A985FF39-8BE4-465E-A444-7EBFA1C9A9C2}.AppStore|x86.Build.0 = Release|Any CPU
		{A985FF39-8BE4-465E-A444-7EBFA1C9A9C2}.Debug|Any CPU.ActiveCfg = Debug|Any CPU
		{A985FF39-8BE4-465E-A444-7EBFA1C9A9C2}.Debug|Any CPU.Build.0 = Debug|Any CPU
		{A985FF39-8BE4-465E-A444-7EBFA1C9A9C2}.Debug|ARM.ActiveCfg = Debug|Any CPU
		{A985FF39-8BE4-465E-A444-7EBFA1C9A9C2}.Debug|ARM.Build.0 = Debug|Any CPU
		{A985FF39-8BE4-465E-A444-7EBFA1C9A9C2}.Debug|iPhone.ActiveCfg = Debug|Any CPU
		{A985FF39-8BE4-465E-A444-7EBFA1C9A9C2}.Debug|iPhone.Build.0 = Debug|Any CPU
		{A985FF39-8BE4-465E-A444-7EBFA1C9A9C2}.Debug|iPhoneSimulator.ActiveCfg = Debug|Any CPU
		{A985FF39-8BE4-465E-A444-7EBFA1C9A9C2}.Debug|iPhoneSimulator.Build.0 = Debug|Any CPU
		{A985FF39-8BE4-465E-A444-7EBFA1C9A9C2}.Debug|x64.ActiveCfg = Debug|Any CPU
		{A985FF39-8BE4-465E-A444-7EBFA1C9A9C2}.Debug|x64.Build.0 = Debug|Any CPU
		{A985FF39-8BE4-465E-A444-7EBFA1C9A9C2}.Debug|x86.ActiveCfg = Debug|Any CPU
		{A985FF39-8BE4-465E-A444-7EBFA1C9A9C2}.Debug|x86.Build.0 = Debug|Any CPU
		{A985FF39-8BE4-465E-A444-7EBFA1C9A9C2}.Release|Any CPU.ActiveCfg = Release|Any CPU
		{A985FF39-8BE4-465E-A444-7EBFA1C9A9C2}.Release|Any CPU.Build.0 = Release|Any CPU
		{A985FF39-8BE4-465E-A444-7EBFA1C9A9C2}.Release|ARM.ActiveCfg = Release|Any CPU
		{A985FF39-8BE4-465E-A444-7EBFA1C9A9C2}.Release|ARM.Build.0 = Release|Any CPU
		{A985FF39-8BE4-465E-A444-7EBFA1C9A9C2}.Release|iPhone.ActiveCfg = Release|Any CPU
		{A985FF39-8BE4-465E-A444-7EBFA1C9A9C2}.Release|iPhone.Build.0 = Release|Any CPU
		{A985FF39-8BE4-465E-A444-7EBFA1C9A9C2}.Release|iPhoneSimulator.ActiveCfg = Release|Any CPU
		{A985FF39-8BE4-465E-A444-7EBFA1C9A9C2}.Release|iPhoneSimulator.Build.0 = Release|Any CPU
		{A985FF39-8BE4-465E-A444-7EBFA1C9A9C2}.Release|x64.ActiveCfg = Release|Any CPU
		{A985FF39-8BE4-465E-A444-7EBFA1C9A9C2}.Release|x64.Build.0 = Release|Any CPU
		{A985FF39-8BE4-465E-A444-7EBFA1C9A9C2}.Release|x86.ActiveCfg = Release|Any CPU
		{A985FF39-8BE4-465E-A444-7EBFA1C9A9C2}.Release|x86.Build.0 = Release|Any CPU
		{493152BD-9C53-4262-8E50-56618EDE7C95}.Ad-Hoc|Any CPU.ActiveCfg = Release|Any CPU
		{493152BD-9C53-4262-8E50-56618EDE7C95}.Ad-Hoc|Any CPU.Build.0 = Release|Any CPU
		{493152BD-9C53-4262-8E50-56618EDE7C95}.Ad-Hoc|Any CPU.Deploy.0 = Release|Any CPU
		{493152BD-9C53-4262-8E50-56618EDE7C95}.Ad-Hoc|ARM.ActiveCfg = Release|Any CPU
		{493152BD-9C53-4262-8E50-56618EDE7C95}.Ad-Hoc|ARM.Build.0 = Release|Any CPU
		{493152BD-9C53-4262-8E50-56618EDE7C95}.Ad-Hoc|ARM.Deploy.0 = Release|Any CPU
		{493152BD-9C53-4262-8E50-56618EDE7C95}.Ad-Hoc|iPhone.ActiveCfg = Release|Any CPU
		{493152BD-9C53-4262-8E50-56618EDE7C95}.Ad-Hoc|iPhone.Build.0 = Release|Any CPU
		{493152BD-9C53-4262-8E50-56618EDE7C95}.Ad-Hoc|iPhone.Deploy.0 = Release|Any CPU
		{493152BD-9C53-4262-8E50-56618EDE7C95}.Ad-Hoc|iPhoneSimulator.ActiveCfg = Release|Any CPU
		{493152BD-9C53-4262-8E50-56618EDE7C95}.Ad-Hoc|iPhoneSimulator.Build.0 = Release|Any CPU
		{493152BD-9C53-4262-8E50-56618EDE7C95}.Ad-Hoc|iPhoneSimulator.Deploy.0 = Release|Any CPU
		{493152BD-9C53-4262-8E50-56618EDE7C95}.Ad-Hoc|x64.ActiveCfg = Release|Any CPU
		{493152BD-9C53-4262-8E50-56618EDE7C95}.Ad-Hoc|x64.Build.0 = Release|Any CPU
		{493152BD-9C53-4262-8E50-56618EDE7C95}.Ad-Hoc|x64.Deploy.0 = Release|Any CPU
		{493152BD-9C53-4262-8E50-56618EDE7C95}.Ad-Hoc|x86.ActiveCfg = Release|Any CPU
		{493152BD-9C53-4262-8E50-56618EDE7C95}.Ad-Hoc|x86.Build.0 = Release|Any CPU
		{493152BD-9C53-4262-8E50-56618EDE7C95}.Ad-Hoc|x86.Deploy.0 = Release|Any CPU
		{493152BD-9C53-4262-8E50-56618EDE7C95}.AppStore|Any CPU.ActiveCfg = Release|Any CPU
		{493152BD-9C53-4262-8E50-56618EDE7C95}.AppStore|Any CPU.Build.0 = Release|Any CPU
		{493152BD-9C53-4262-8E50-56618EDE7C95}.AppStore|Any CPU.Deploy.0 = Release|Any CPU
		{493152BD-9C53-4262-8E50-56618EDE7C95}.AppStore|ARM.ActiveCfg = Release|Any CPU
		{493152BD-9C53-4262-8E50-56618EDE7C95}.AppStore|ARM.Build.0 = Release|Any CPU
		{493152BD-9C53-4262-8E50-56618EDE7C95}.AppStore|ARM.Deploy.0 = Release|Any CPU
		{493152BD-9C53-4262-8E50-56618EDE7C95}.AppStore|iPhone.ActiveCfg = Release|Any CPU
		{493152BD-9C53-4262-8E50-56618EDE7C95}.AppStore|iPhone.Build.0 = Release|Any CPU
		{493152BD-9C53-4262-8E50-56618EDE7C95}.AppStore|iPhone.Deploy.0 = Release|Any CPU
		{493152BD-9C53-4262-8E50-56618EDE7C95}.AppStore|iPhoneSimulator.ActiveCfg = Release|Any CPU
		{493152BD-9C53-4262-8E50-56618EDE7C95}.AppStore|iPhoneSimulator.Build.0 = Release|Any CPU
		{493152BD-9C53-4262-8E50-56618EDE7C95}.AppStore|iPhoneSimulator.Deploy.0 = Release|Any CPU
		{493152BD-9C53-4262-8E50-56618EDE7C95}.AppStore|x64.ActiveCfg = Release|Any CPU
		{493152BD-9C53-4262-8E50-56618EDE7C95}.AppStore|x64.Build.0 = Release|Any CPU
		{493152BD-9C53-4262-8E50-56618EDE7C95}.AppStore|x64.Deploy.0 = Release|Any CPU
		{493152BD-9C53-4262-8E50-56618EDE7C95}.AppStore|x86.ActiveCfg = Release|Any CPU
		{493152BD-9C53-4262-8E50-56618EDE7C95}.AppStore|x86.Build.0 = Release|Any CPU
		{493152BD-9C53-4262-8E50-56618EDE7C95}.AppStore|x86.Deploy.0 = Release|Any CPU
		{493152BD-9C53-4262-8E50-56618EDE7C95}.Debug|Any CPU.ActiveCfg = Debug|Any CPU
		{493152BD-9C53-4262-8E50-56618EDE7C95}.Debug|Any CPU.Build.0 = Debug|Any CPU
		{493152BD-9C53-4262-8E50-56618EDE7C95}.Debug|Any CPU.Deploy.0 = Debug|Any CPU
		{493152BD-9C53-4262-8E50-56618EDE7C95}.Debug|ARM.ActiveCfg = Debug|Any CPU
		{493152BD-9C53-4262-8E50-56618EDE7C95}.Debug|ARM.Build.0 = Debug|Any CPU
		{493152BD-9C53-4262-8E50-56618EDE7C95}.Debug|ARM.Deploy.0 = Debug|Any CPU
		{493152BD-9C53-4262-8E50-56618EDE7C95}.Debug|iPhone.ActiveCfg = Debug|Any CPU
		{493152BD-9C53-4262-8E50-56618EDE7C95}.Debug|iPhone.Build.0 = Debug|Any CPU
		{493152BD-9C53-4262-8E50-56618EDE7C95}.Debug|iPhone.Deploy.0 = Debug|Any CPU
		{493152BD-9C53-4262-8E50-56618EDE7C95}.Debug|iPhoneSimulator.ActiveCfg = Debug|Any CPU
		{493152BD-9C53-4262-8E50-56618EDE7C95}.Debug|iPhoneSimulator.Build.0 = Debug|Any CPU
		{493152BD-9C53-4262-8E50-56618EDE7C95}.Debug|iPhoneSimulator.Deploy.0 = Debug|Any CPU
		{493152BD-9C53-4262-8E50-56618EDE7C95}.Debug|x64.ActiveCfg = Debug|Any CPU
		{493152BD-9C53-4262-8E50-56618EDE7C95}.Debug|x64.Build.0 = Debug|Any CPU
		{493152BD-9C53-4262-8E50-56618EDE7C95}.Debug|x64.Deploy.0 = Debug|Any CPU
		{493152BD-9C53-4262-8E50-56618EDE7C95}.Debug|x86.ActiveCfg = Debug|Any CPU
		{493152BD-9C53-4262-8E50-56618EDE7C95}.Debug|x86.Build.0 = Debug|Any CPU
		{493152BD-9C53-4262-8E50-56618EDE7C95}.Debug|x86.Deploy.0 = Debug|Any CPU
		{493152BD-9C53-4262-8E50-56618EDE7C95}.Release|Any CPU.ActiveCfg = Release|Any CPU
		{493152BD-9C53-4262-8E50-56618EDE7C95}.Release|Any CPU.Build.0 = Release|Any CPU
		{493152BD-9C53-4262-8E50-56618EDE7C95}.Release|Any CPU.Deploy.0 = Release|Any CPU
		{493152BD-9C53-4262-8E50-56618EDE7C95}.Release|ARM.ActiveCfg = Release|Any CPU
		{493152BD-9C53-4262-8E50-56618EDE7C95}.Release|ARM.Build.0 = Release|Any CPU
		{493152BD-9C53-4262-8E50-56618EDE7C95}.Release|ARM.Deploy.0 = Release|Any CPU
		{493152BD-9C53-4262-8E50-56618EDE7C95}.Release|iPhone.ActiveCfg = Release|Any CPU
		{493152BD-9C53-4262-8E50-56618EDE7C95}.Release|iPhone.Build.0 = Release|Any CPU
		{493152BD-9C53-4262-8E50-56618EDE7C95}.Release|iPhone.Deploy.0 = Release|Any CPU
		{493152BD-9C53-4262-8E50-56618EDE7C95}.Release|iPhoneSimulator.ActiveCfg = Release|Any CPU
		{493152BD-9C53-4262-8E50-56618EDE7C95}.Release|iPhoneSimulator.Build.0 = Release|Any CPU
		{493152BD-9C53-4262-8E50-56618EDE7C95}.Release|iPhoneSimulator.Deploy.0 = Release|Any CPU
		{493152BD-9C53-4262-8E50-56618EDE7C95}.Release|x64.ActiveCfg = Release|Any CPU
		{493152BD-9C53-4262-8E50-56618EDE7C95}.Release|x64.Build.0 = Release|Any CPU
		{493152BD-9C53-4262-8E50-56618EDE7C95}.Release|x64.Deploy.0 = Release|Any CPU
		{493152BD-9C53-4262-8E50-56618EDE7C95}.Release|x86.ActiveCfg = Release|Any CPU
		{493152BD-9C53-4262-8E50-56618EDE7C95}.Release|x86.Build.0 = Release|Any CPU
		{493152BD-9C53-4262-8E50-56618EDE7C95}.Release|x86.Deploy.0 = Release|Any CPU
		{59936669-5868-46AA-89CF-44E0946EC43B}.Ad-Hoc|Any CPU.ActiveCfg = Ad-Hoc|iPhone
		{59936669-5868-46AA-89CF-44E0946EC43B}.Ad-Hoc|ARM.ActiveCfg = Ad-Hoc|iPhone
		{59936669-5868-46AA-89CF-44E0946EC43B}.Ad-Hoc|iPhone.ActiveCfg = Ad-Hoc|iPhone
		{59936669-5868-46AA-89CF-44E0946EC43B}.Ad-Hoc|iPhone.Build.0 = Ad-Hoc|iPhone
		{59936669-5868-46AA-89CF-44E0946EC43B}.Ad-Hoc|iPhoneSimulator.ActiveCfg = Ad-Hoc|iPhoneSimulator
		{59936669-5868-46AA-89CF-44E0946EC43B}.Ad-Hoc|iPhoneSimulator.Build.0 = Ad-Hoc|iPhoneSimulator
		{59936669-5868-46AA-89CF-44E0946EC43B}.Ad-Hoc|x64.ActiveCfg = Ad-Hoc|iPhone
		{59936669-5868-46AA-89CF-44E0946EC43B}.Ad-Hoc|x86.ActiveCfg = Ad-Hoc|iPhone
		{59936669-5868-46AA-89CF-44E0946EC43B}.AppStore|Any CPU.ActiveCfg = AppStore|iPhone
		{59936669-5868-46AA-89CF-44E0946EC43B}.AppStore|ARM.ActiveCfg = AppStore|iPhone
		{59936669-5868-46AA-89CF-44E0946EC43B}.AppStore|iPhone.ActiveCfg = AppStore|iPhone
		{59936669-5868-46AA-89CF-44E0946EC43B}.AppStore|iPhone.Build.0 = AppStore|iPhone
		{59936669-5868-46AA-89CF-44E0946EC43B}.AppStore|iPhoneSimulator.ActiveCfg = AppStore|iPhoneSimulator
		{59936669-5868-46AA-89CF-44E0946EC43B}.AppStore|iPhoneSimulator.Build.0 = AppStore|iPhoneSimulator
		{59936669-5868-46AA-89CF-44E0946EC43B}.AppStore|x64.ActiveCfg = AppStore|iPhone
		{59936669-5868-46AA-89CF-44E0946EC43B}.AppStore|x86.ActiveCfg = AppStore|iPhone
		{59936669-5868-46AA-89CF-44E0946EC43B}.Debug|Any CPU.ActiveCfg = Debug|iPhone
		{59936669-5868-46AA-89CF-44E0946EC43B}.Debug|ARM.ActiveCfg = Debug|iPhone
		{59936669-5868-46AA-89CF-44E0946EC43B}.Debug|iPhone.ActiveCfg = Debug|iPhone
		{59936669-5868-46AA-89CF-44E0946EC43B}.Debug|iPhone.Build.0 = Debug|iPhone
		{59936669-5868-46AA-89CF-44E0946EC43B}.Debug|iPhoneSimulator.ActiveCfg = Debug|iPhoneSimulator
		{59936669-5868-46AA-89CF-44E0946EC43B}.Debug|iPhoneSimulator.Build.0 = Debug|iPhoneSimulator
		{59936669-5868-46AA-89CF-44E0946EC43B}.Debug|x64.ActiveCfg = Debug|iPhone
		{59936669-5868-46AA-89CF-44E0946EC43B}.Debug|x86.ActiveCfg = Debug|iPhone
		{59936669-5868-46AA-89CF-44E0946EC43B}.Release|Any CPU.ActiveCfg = Release|iPhone
		{59936669-5868-46AA-89CF-44E0946EC43B}.Release|ARM.ActiveCfg = Release|iPhone
		{59936669-5868-46AA-89CF-44E0946EC43B}.Release|iPhone.ActiveCfg = Release|iPhone
		{59936669-5868-46AA-89CF-44E0946EC43B}.Release|iPhone.Build.0 = Release|iPhone
		{59936669-5868-46AA-89CF-44E0946EC43B}.Release|iPhoneSimulator.ActiveCfg = Release|iPhoneSimulator
		{59936669-5868-46AA-89CF-44E0946EC43B}.Release|iPhoneSimulator.Build.0 = Release|iPhoneSimulator
		{59936669-5868-46AA-89CF-44E0946EC43B}.Release|x64.ActiveCfg = Release|iPhone
		{59936669-5868-46AA-89CF-44E0946EC43B}.Release|x86.ActiveCfg = Release|iPhone
		{CFD82671-83A3-4841-8687-8FCF11DF1477}.Ad-Hoc|Any CPU.ActiveCfg = Release|Any CPU
		{CFD82671-83A3-4841-8687-8FCF11DF1477}.Ad-Hoc|Any CPU.Build.0 = Release|Any CPU
		{CFD82671-83A3-4841-8687-8FCF11DF1477}.Ad-Hoc|Any CPU.Deploy.0 = Release|Any CPU
		{CFD82671-83A3-4841-8687-8FCF11DF1477}.Ad-Hoc|ARM.ActiveCfg = Release|ARM
		{CFD82671-83A3-4841-8687-8FCF11DF1477}.Ad-Hoc|ARM.Build.0 = Release|ARM
		{CFD82671-83A3-4841-8687-8FCF11DF1477}.Ad-Hoc|ARM.Deploy.0 = Release|ARM
		{CFD82671-83A3-4841-8687-8FCF11DF1477}.Ad-Hoc|iPhone.ActiveCfg = Release|Any CPU
		{CFD82671-83A3-4841-8687-8FCF11DF1477}.Ad-Hoc|iPhone.Build.0 = Release|Any CPU
		{CFD82671-83A3-4841-8687-8FCF11DF1477}.Ad-Hoc|iPhone.Deploy.0 = Release|Any CPU
		{CFD82671-83A3-4841-8687-8FCF11DF1477}.Ad-Hoc|iPhoneSimulator.ActiveCfg = Release|Any CPU
		{CFD82671-83A3-4841-8687-8FCF11DF1477}.Ad-Hoc|iPhoneSimulator.Build.0 = Release|Any CPU
		{CFD82671-83A3-4841-8687-8FCF11DF1477}.Ad-Hoc|iPhoneSimulator.Deploy.0 = Release|Any CPU
		{CFD82671-83A3-4841-8687-8FCF11DF1477}.Ad-Hoc|x64.ActiveCfg = Release|Any CPU
		{CFD82671-83A3-4841-8687-8FCF11DF1477}.Ad-Hoc|x64.Build.0 = Release|Any CPU
		{CFD82671-83A3-4841-8687-8FCF11DF1477}.Ad-Hoc|x64.Deploy.0 = Release|Any CPU
		{CFD82671-83A3-4841-8687-8FCF11DF1477}.Ad-Hoc|x86.ActiveCfg = Release|x86
		{CFD82671-83A3-4841-8687-8FCF11DF1477}.Ad-Hoc|x86.Build.0 = Release|x86
		{CFD82671-83A3-4841-8687-8FCF11DF1477}.Ad-Hoc|x86.Deploy.0 = Release|x86
		{CFD82671-83A3-4841-8687-8FCF11DF1477}.AppStore|Any CPU.ActiveCfg = Release|Any CPU
		{CFD82671-83A3-4841-8687-8FCF11DF1477}.AppStore|Any CPU.Build.0 = Release|Any CPU
		{CFD82671-83A3-4841-8687-8FCF11DF1477}.AppStore|Any CPU.Deploy.0 = Release|Any CPU
		{CFD82671-83A3-4841-8687-8FCF11DF1477}.AppStore|ARM.ActiveCfg = Release|ARM
		{CFD82671-83A3-4841-8687-8FCF11DF1477}.AppStore|ARM.Build.0 = Release|ARM
		{CFD82671-83A3-4841-8687-8FCF11DF1477}.AppStore|ARM.Deploy.0 = Release|ARM
		{CFD82671-83A3-4841-8687-8FCF11DF1477}.AppStore|iPhone.ActiveCfg = Release|Any CPU
		{CFD82671-83A3-4841-8687-8FCF11DF1477}.AppStore|iPhone.Build.0 = Release|Any CPU
		{CFD82671-83A3-4841-8687-8FCF11DF1477}.AppStore|iPhone.Deploy.0 = Release|Any CPU
		{CFD82671-83A3-4841-8687-8FCF11DF1477}.AppStore|iPhoneSimulator.ActiveCfg = Release|Any CPU
		{CFD82671-83A3-4841-8687-8FCF11DF1477}.AppStore|iPhoneSimulator.Build.0 = Release|Any CPU
		{CFD82671-83A3-4841-8687-8FCF11DF1477}.AppStore|iPhoneSimulator.Deploy.0 = Release|Any CPU
		{CFD82671-83A3-4841-8687-8FCF11DF1477}.AppStore|x64.ActiveCfg = Release|Any CPU
		{CFD82671-83A3-4841-8687-8FCF11DF1477}.AppStore|x64.Build.0 = Release|Any CPU
		{CFD82671-83A3-4841-8687-8FCF11DF1477}.AppStore|x64.Deploy.0 = Release|Any CPU
		{CFD82671-83A3-4841-8687-8FCF11DF1477}.AppStore|x86.ActiveCfg = Release|x86
		{CFD82671-83A3-4841-8687-8FCF11DF1477}.AppStore|x86.Build.0 = Release|x86
		{CFD82671-83A3-4841-8687-8FCF11DF1477}.AppStore|x86.Deploy.0 = Release|x86
		{CFD82671-83A3-4841-8687-8FCF11DF1477}.Debug|Any CPU.ActiveCfg = Debug|Any CPU
		{CFD82671-83A3-4841-8687-8FCF11DF1477}.Debug|Any CPU.Build.0 = Debug|Any CPU
		{CFD82671-83A3-4841-8687-8FCF11DF1477}.Debug|Any CPU.Deploy.0 = Debug|Any CPU
		{CFD82671-83A3-4841-8687-8FCF11DF1477}.Debug|ARM.ActiveCfg = Debug|ARM
		{CFD82671-83A3-4841-8687-8FCF11DF1477}.Debug|ARM.Build.0 = Debug|ARM
		{CFD82671-83A3-4841-8687-8FCF11DF1477}.Debug|ARM.Deploy.0 = Debug|ARM
		{CFD82671-83A3-4841-8687-8FCF11DF1477}.Debug|iPhone.ActiveCfg = Debug|Any CPU
		{CFD82671-83A3-4841-8687-8FCF11DF1477}.Debug|iPhone.Build.0 = Debug|Any CPU
		{CFD82671-83A3-4841-8687-8FCF11DF1477}.Debug|iPhone.Deploy.0 = Debug|Any CPU
		{CFD82671-83A3-4841-8687-8FCF11DF1477}.Debug|iPhoneSimulator.ActiveCfg = Debug|Any CPU
		{CFD82671-83A3-4841-8687-8FCF11DF1477}.Debug|iPhoneSimulator.Build.0 = Debug|Any CPU
		{CFD82671-83A3-4841-8687-8FCF11DF1477}.Debug|iPhoneSimulator.Deploy.0 = Debug|Any CPU
		{CFD82671-83A3-4841-8687-8FCF11DF1477}.Debug|x64.ActiveCfg = Debug|Any CPU
		{CFD82671-83A3-4841-8687-8FCF11DF1477}.Debug|x64.Build.0 = Debug|Any CPU
		{CFD82671-83A3-4841-8687-8FCF11DF1477}.Debug|x64.Deploy.0 = Debug|Any CPU
		{CFD82671-83A3-4841-8687-8FCF11DF1477}.Debug|x86.ActiveCfg = Debug|x86
		{CFD82671-83A3-4841-8687-8FCF11DF1477}.Debug|x86.Build.0 = Debug|x86
		{CFD82671-83A3-4841-8687-8FCF11DF1477}.Debug|x86.Deploy.0 = Debug|x86
		{CFD82671-83A3-4841-8687-8FCF11DF1477}.Release|Any CPU.ActiveCfg = Release|Any CPU
		{CFD82671-83A3-4841-8687-8FCF11DF1477}.Release|Any CPU.Build.0 = Release|Any CPU
		{CFD82671-83A3-4841-8687-8FCF11DF1477}.Release|Any CPU.Deploy.0 = Release|Any CPU
		{CFD82671-83A3-4841-8687-8FCF11DF1477}.Release|ARM.ActiveCfg = Release|ARM
		{CFD82671-83A3-4841-8687-8FCF11DF1477}.Release|ARM.Build.0 = Release|ARM
		{CFD82671-83A3-4841-8687-8FCF11DF1477}.Release|ARM.Deploy.0 = Release|ARM
		{CFD82671-83A3-4841-8687-8FCF11DF1477}.Release|iPhone.ActiveCfg = Release|Any CPU
		{CFD82671-83A3-4841-8687-8FCF11DF1477}.Release|iPhone.Build.0 = Release|Any CPU
		{CFD82671-83A3-4841-8687-8FCF11DF1477}.Release|iPhone.Deploy.0 = Release|Any CPU
		{CFD82671-83A3-4841-8687-8FCF11DF1477}.Release|iPhoneSimulator.ActiveCfg = Release|Any CPU
		{CFD82671-83A3-4841-8687-8FCF11DF1477}.Release|iPhoneSimulator.Build.0 = Release|Any CPU
		{CFD82671-83A3-4841-8687-8FCF11DF1477}.Release|iPhoneSimulator.Deploy.0 = Release|Any CPU
		{CFD82671-83A3-4841-8687-8FCF11DF1477}.Release|x64.ActiveCfg = Release|Any CPU
		{CFD82671-83A3-4841-8687-8FCF11DF1477}.Release|x64.Build.0 = Release|Any CPU
		{CFD82671-83A3-4841-8687-8FCF11DF1477}.Release|x64.Deploy.0 = Release|Any CPU
		{CFD82671-83A3-4841-8687-8FCF11DF1477}.Release|x86.ActiveCfg = Release|x86
		{CFD82671-83A3-4841-8687-8FCF11DF1477}.Release|x86.Build.0 = Release|x86
		{CFD82671-83A3-4841-8687-8FCF11DF1477}.Release|x86.Deploy.0 = Release|x86
		{D8854C4B-DD21-4D5D-B36C-84296D1ABDB3}.Ad-Hoc|Any CPU.ActiveCfg = Release|x86
		{D8854C4B-DD21-4D5D-B36C-84296D1ABDB3}.Ad-Hoc|Any CPU.Build.0 = Release|x86
		{D8854C4B-DD21-4D5D-B36C-84296D1ABDB3}.Ad-Hoc|Any CPU.Deploy.0 = Release|x86
		{D8854C4B-DD21-4D5D-B36C-84296D1ABDB3}.Ad-Hoc|ARM.ActiveCfg = Release|ARM
		{D8854C4B-DD21-4D5D-B36C-84296D1ABDB3}.Ad-Hoc|ARM.Build.0 = Release|ARM
		{D8854C4B-DD21-4D5D-B36C-84296D1ABDB3}.Ad-Hoc|ARM.Deploy.0 = Release|ARM
		{D8854C4B-DD21-4D5D-B36C-84296D1ABDB3}.Ad-Hoc|iPhone.ActiveCfg = Release|x86
		{D8854C4B-DD21-4D5D-B36C-84296D1ABDB3}.Ad-Hoc|iPhone.Build.0 = Release|x86
		{D8854C4B-DD21-4D5D-B36C-84296D1ABDB3}.Ad-Hoc|iPhone.Deploy.0 = Release|x86
		{D8854C4B-DD21-4D5D-B36C-84296D1ABDB3}.Ad-Hoc|iPhoneSimulator.ActiveCfg = Release|x86
		{D8854C4B-DD21-4D5D-B36C-84296D1ABDB3}.Ad-Hoc|iPhoneSimulator.Build.0 = Release|x86
		{D8854C4B-DD21-4D5D-B36C-84296D1ABDB3}.Ad-Hoc|iPhoneSimulator.Deploy.0 = Release|x86
		{D8854C4B-DD21-4D5D-B36C-84296D1ABDB3}.Ad-Hoc|x64.ActiveCfg = Release|x64
		{D8854C4B-DD21-4D5D-B36C-84296D1ABDB3}.Ad-Hoc|x64.Build.0 = Release|x64
		{D8854C4B-DD21-4D5D-B36C-84296D1ABDB3}.Ad-Hoc|x64.Deploy.0 = Release|x64
		{D8854C4B-DD21-4D5D-B36C-84296D1ABDB3}.Ad-Hoc|x86.ActiveCfg = Release|x86
		{D8854C4B-DD21-4D5D-B36C-84296D1ABDB3}.Ad-Hoc|x86.Build.0 = Release|x86
		{D8854C4B-DD21-4D5D-B36C-84296D1ABDB3}.Ad-Hoc|x86.Deploy.0 = Release|x86
		{D8854C4B-DD21-4D5D-B36C-84296D1ABDB3}.AppStore|Any CPU.ActiveCfg = Release|x86
		{D8854C4B-DD21-4D5D-B36C-84296D1ABDB3}.AppStore|Any CPU.Build.0 = Release|x86
		{D8854C4B-DD21-4D5D-B36C-84296D1ABDB3}.AppStore|Any CPU.Deploy.0 = Release|x86
		{D8854C4B-DD21-4D5D-B36C-84296D1ABDB3}.AppStore|ARM.ActiveCfg = Release|ARM
		{D8854C4B-DD21-4D5D-B36C-84296D1ABDB3}.AppStore|ARM.Build.0 = Release|ARM
		{D8854C4B-DD21-4D5D-B36C-84296D1ABDB3}.AppStore|ARM.Deploy.0 = Release|ARM
		{D8854C4B-DD21-4D5D-B36C-84296D1ABDB3}.AppStore|iPhone.ActiveCfg = Release|x86
		{D8854C4B-DD21-4D5D-B36C-84296D1ABDB3}.AppStore|iPhone.Build.0 = Release|x86
		{D8854C4B-DD21-4D5D-B36C-84296D1ABDB3}.AppStore|iPhone.Deploy.0 = Release|x86
		{D8854C4B-DD21-4D5D-B36C-84296D1ABDB3}.AppStore|iPhoneSimulator.ActiveCfg = Release|x86
		{D8854C4B-DD21-4D5D-B36C-84296D1ABDB3}.AppStore|iPhoneSimulator.Build.0 = Release|x86
		{D8854C4B-DD21-4D5D-B36C-84296D1ABDB3}.AppStore|iPhoneSimulator.Deploy.0 = Release|x86
		{D8854C4B-DD21-4D5D-B36C-84296D1ABDB3}.AppStore|x64.ActiveCfg = Release|x64
		{D8854C4B-DD21-4D5D-B36C-84296D1ABDB3}.AppStore|x64.Build.0 = Release|x64
		{D8854C4B-DD21-4D5D-B36C-84296D1ABDB3}.AppStore|x64.Deploy.0 = Release|x64
		{D8854C4B-DD21-4D5D-B36C-84296D1ABDB3}.AppStore|x86.ActiveCfg = Release|x86
		{D8854C4B-DD21-4D5D-B36C-84296D1ABDB3}.AppStore|x86.Build.0 = Release|x86
		{D8854C4B-DD21-4D5D-B36C-84296D1ABDB3}.AppStore|x86.Deploy.0 = Release|x86
		{D8854C4B-DD21-4D5D-B36C-84296D1ABDB3}.Debug|Any CPU.ActiveCfg = Debug|x86
		{D8854C4B-DD21-4D5D-B36C-84296D1ABDB3}.Debug|ARM.ActiveCfg = Debug|ARM
		{D8854C4B-DD21-4D5D-B36C-84296D1ABDB3}.Debug|ARM.Build.0 = Debug|ARM
		{D8854C4B-DD21-4D5D-B36C-84296D1ABDB3}.Debug|ARM.Deploy.0 = Debug|ARM
		{D8854C4B-DD21-4D5D-B36C-84296D1ABDB3}.Debug|iPhone.ActiveCfg = Debug|x86
		{D8854C4B-DD21-4D5D-B36C-84296D1ABDB3}.Debug|iPhoneSimulator.ActiveCfg = Debug|x86
		{D8854C4B-DD21-4D5D-B36C-84296D1ABDB3}.Debug|x64.ActiveCfg = Debug|x64
		{D8854C4B-DD21-4D5D-B36C-84296D1ABDB3}.Debug|x64.Build.0 = Debug|x64
		{D8854C4B-DD21-4D5D-B36C-84296D1ABDB3}.Debug|x64.Deploy.0 = Debug|x64
		{D8854C4B-DD21-4D5D-B36C-84296D1ABDB3}.Debug|x86.ActiveCfg = Debug|x86
		{D8854C4B-DD21-4D5D-B36C-84296D1ABDB3}.Debug|x86.Build.0 = Debug|x86
		{D8854C4B-DD21-4D5D-B36C-84296D1ABDB3}.Debug|x86.Deploy.0 = Debug|x86
		{D8854C4B-DD21-4D5D-B36C-84296D1ABDB3}.Release|Any CPU.ActiveCfg = Release|x86
		{D8854C4B-DD21-4D5D-B36C-84296D1ABDB3}.Release|ARM.ActiveCfg = Release|ARM
		{D8854C4B-DD21-4D5D-B36C-84296D1ABDB3}.Release|ARM.Build.0 = Release|ARM
		{D8854C4B-DD21-4D5D-B36C-84296D1ABDB3}.Release|ARM.Deploy.0 = Release|ARM
		{D8854C4B-DD21-4D5D-B36C-84296D1ABDB3}.Release|iPhone.ActiveCfg = Release|x86
		{D8854C4B-DD21-4D5D-B36C-84296D1ABDB3}.Release|iPhoneSimulator.ActiveCfg = Release|x86
		{D8854C4B-DD21-4D5D-B36C-84296D1ABDB3}.Release|x64.ActiveCfg = Release|x64
		{D8854C4B-DD21-4D5D-B36C-84296D1ABDB3}.Release|x64.Build.0 = Release|x64
		{D8854C4B-DD21-4D5D-B36C-84296D1ABDB3}.Release|x64.Deploy.0 = Release|x64
		{D8854C4B-DD21-4D5D-B36C-84296D1ABDB3}.Release|x86.ActiveCfg = Release|x86
		{D8854C4B-DD21-4D5D-B36C-84296D1ABDB3}.Release|x86.Build.0 = Release|x86
		{D8854C4B-DD21-4D5D-B36C-84296D1ABDB3}.Release|x86.Deploy.0 = Release|x86
		{7852C673-F9FE-4C64-A886-8E5CBC4F26DF}.Ad-Hoc|Any CPU.ActiveCfg = Release|Any CPU
		{7852C673-F9FE-4C64-A886-8E5CBC4F26DF}.Ad-Hoc|Any CPU.Build.0 = Release|Any CPU
		{7852C673-F9FE-4C64-A886-8E5CBC4F26DF}.Ad-Hoc|Any CPU.Deploy.0 = Release|Any CPU
		{7852C673-F9FE-4C64-A886-8E5CBC4F26DF}.Ad-Hoc|ARM.ActiveCfg = Release|ARM
		{7852C673-F9FE-4C64-A886-8E5CBC4F26DF}.Ad-Hoc|ARM.Build.0 = Release|ARM
		{7852C673-F9FE-4C64-A886-8E5CBC4F26DF}.Ad-Hoc|ARM.Deploy.0 = Release|ARM
		{7852C673-F9FE-4C64-A886-8E5CBC4F26DF}.Ad-Hoc|iPhone.ActiveCfg = Release|Any CPU
		{7852C673-F9FE-4C64-A886-8E5CBC4F26DF}.Ad-Hoc|iPhone.Build.0 = Release|Any CPU
		{7852C673-F9FE-4C64-A886-8E5CBC4F26DF}.Ad-Hoc|iPhone.Deploy.0 = Release|Any CPU
		{7852C673-F9FE-4C64-A886-8E5CBC4F26DF}.Ad-Hoc|iPhoneSimulator.ActiveCfg = Release|Any CPU
		{7852C673-F9FE-4C64-A886-8E5CBC4F26DF}.Ad-Hoc|iPhoneSimulator.Build.0 = Release|Any CPU
		{7852C673-F9FE-4C64-A886-8E5CBC4F26DF}.Ad-Hoc|iPhoneSimulator.Deploy.0 = Release|Any CPU
		{7852C673-F9FE-4C64-A886-8E5CBC4F26DF}.Ad-Hoc|x64.ActiveCfg = Release|x64
		{7852C673-F9FE-4C64-A886-8E5CBC4F26DF}.Ad-Hoc|x64.Build.0 = Release|x64
		{7852C673-F9FE-4C64-A886-8E5CBC4F26DF}.Ad-Hoc|x64.Deploy.0 = Release|x64
		{7852C673-F9FE-4C64-A886-8E5CBC4F26DF}.Ad-Hoc|x86.ActiveCfg = Release|x86
		{7852C673-F9FE-4C64-A886-8E5CBC4F26DF}.Ad-Hoc|x86.Build.0 = Release|x86
		{7852C673-F9FE-4C64-A886-8E5CBC4F26DF}.Ad-Hoc|x86.Deploy.0 = Release|x86
		{7852C673-F9FE-4C64-A886-8E5CBC4F26DF}.AppStore|Any CPU.ActiveCfg = Release|Any CPU
		{7852C673-F9FE-4C64-A886-8E5CBC4F26DF}.AppStore|Any CPU.Build.0 = Release|Any CPU
		{7852C673-F9FE-4C64-A886-8E5CBC4F26DF}.AppStore|Any CPU.Deploy.0 = Release|Any CPU
		{7852C673-F9FE-4C64-A886-8E5CBC4F26DF}.AppStore|ARM.ActiveCfg = Release|ARM
		{7852C673-F9FE-4C64-A886-8E5CBC4F26DF}.AppStore|ARM.Build.0 = Release|ARM
		{7852C673-F9FE-4C64-A886-8E5CBC4F26DF}.AppStore|ARM.Deploy.0 = Release|ARM
		{7852C673-F9FE-4C64-A886-8E5CBC4F26DF}.AppStore|iPhone.ActiveCfg = Release|Any CPU
		{7852C673-F9FE-4C64-A886-8E5CBC4F26DF}.AppStore|iPhone.Build.0 = Release|Any CPU
		{7852C673-F9FE-4C64-A886-8E5CBC4F26DF}.AppStore|iPhone.Deploy.0 = Release|Any CPU
		{7852C673-F9FE-4C64-A886-8E5CBC4F26DF}.AppStore|iPhoneSimulator.ActiveCfg = Release|Any CPU
		{7852C673-F9FE-4C64-A886-8E5CBC4F26DF}.AppStore|iPhoneSimulator.Build.0 = Release|Any CPU
		{7852C673-F9FE-4C64-A886-8E5CBC4F26DF}.AppStore|iPhoneSimulator.Deploy.0 = Release|Any CPU
		{7852C673-F9FE-4C64-A886-8E5CBC4F26DF}.AppStore|x64.ActiveCfg = Release|x64
		{7852C673-F9FE-4C64-A886-8E5CBC4F26DF}.AppStore|x64.Build.0 = Release|x64
		{7852C673-F9FE-4C64-A886-8E5CBC4F26DF}.AppStore|x64.Deploy.0 = Release|x64
		{7852C673-F9FE-4C64-A886-8E5CBC4F26DF}.AppStore|x86.ActiveCfg = Release|x86
		{7852C673-F9FE-4C64-A886-8E5CBC4F26DF}.AppStore|x86.Build.0 = Release|x86
		{7852C673-F9FE-4C64-A886-8E5CBC4F26DF}.AppStore|x86.Deploy.0 = Release|x86
		{7852C673-F9FE-4C64-A886-8E5CBC4F26DF}.Debug|Any CPU.ActiveCfg = Debug|Any CPU
		{7852C673-F9FE-4C64-A886-8E5CBC4F26DF}.Debug|Any CPU.Build.0 = Debug|Any CPU
		{7852C673-F9FE-4C64-A886-8E5CBC4F26DF}.Debug|Any CPU.Deploy.0 = Debug|Any CPU
		{7852C673-F9FE-4C64-A886-8E5CBC4F26DF}.Debug|ARM.ActiveCfg = Debug|ARM
		{7852C673-F9FE-4C64-A886-8E5CBC4F26DF}.Debug|ARM.Build.0 = Debug|ARM
		{7852C673-F9FE-4C64-A886-8E5CBC4F26DF}.Debug|ARM.Deploy.0 = Debug|ARM
		{7852C673-F9FE-4C64-A886-8E5CBC4F26DF}.Debug|iPhone.ActiveCfg = Debug|Any CPU
		{7852C673-F9FE-4C64-A886-8E5CBC4F26DF}.Debug|iPhone.Build.0 = Debug|Any CPU
		{7852C673-F9FE-4C64-A886-8E5CBC4F26DF}.Debug|iPhone.Deploy.0 = Debug|Any CPU
		{7852C673-F9FE-4C64-A886-8E5CBC4F26DF}.Debug|iPhoneSimulator.ActiveCfg = Debug|Any CPU
		{7852C673-F9FE-4C64-A886-8E5CBC4F26DF}.Debug|iPhoneSimulator.Build.0 = Debug|Any CPU
		{7852C673-F9FE-4C64-A886-8E5CBC4F26DF}.Debug|iPhoneSimulator.Deploy.0 = Debug|Any CPU
		{7852C673-F9FE-4C64-A886-8E5CBC4F26DF}.Debug|x64.ActiveCfg = Debug|x64
		{7852C673-F9FE-4C64-A886-8E5CBC4F26DF}.Debug|x64.Build.0 = Debug|x64
		{7852C673-F9FE-4C64-A886-8E5CBC4F26DF}.Debug|x64.Deploy.0 = Debug|x64
		{7852C673-F9FE-4C64-A886-8E5CBC4F26DF}.Debug|x86.ActiveCfg = Debug|x86
		{7852C673-F9FE-4C64-A886-8E5CBC4F26DF}.Debug|x86.Build.0 = Debug|x86
		{7852C673-F9FE-4C64-A886-8E5CBC4F26DF}.Debug|x86.Deploy.0 = Debug|x86
		{7852C673-F9FE-4C64-A886-8E5CBC4F26DF}.Release|Any CPU.ActiveCfg = Release|Any CPU
		{7852C673-F9FE-4C64-A886-8E5CBC4F26DF}.Release|Any CPU.Build.0 = Release|Any CPU
		{7852C673-F9FE-4C64-A886-8E5CBC4F26DF}.Release|Any CPU.Deploy.0 = Release|Any CPU
		{7852C673-F9FE-4C64-A886-8E5CBC4F26DF}.Release|ARM.ActiveCfg = Release|ARM
		{7852C673-F9FE-4C64-A886-8E5CBC4F26DF}.Release|ARM.Build.0 = Release|ARM
		{7852C673-F9FE-4C64-A886-8E5CBC4F26DF}.Release|ARM.Deploy.0 = Release|ARM
		{7852C673-F9FE-4C64-A886-8E5CBC4F26DF}.Release|iPhone.ActiveCfg = Release|Any CPU
		{7852C673-F9FE-4C64-A886-8E5CBC4F26DF}.Release|iPhone.Build.0 = Release|Any CPU
		{7852C673-F9FE-4C64-A886-8E5CBC4F26DF}.Release|iPhone.Deploy.0 = Release|Any CPU
		{7852C673-F9FE-4C64-A886-8E5CBC4F26DF}.Release|iPhoneSimulator.ActiveCfg = Release|Any CPU
		{7852C673-F9FE-4C64-A886-8E5CBC4F26DF}.Release|iPhoneSimulator.Build.0 = Release|Any CPU
		{7852C673-F9FE-4C64-A886-8E5CBC4F26DF}.Release|iPhoneSimulator.Deploy.0 = Release|Any CPU
		{7852C673-F9FE-4C64-A886-8E5CBC4F26DF}.Release|x64.ActiveCfg = Release|x64
		{7852C673-F9FE-4C64-A886-8E5CBC4F26DF}.Release|x64.Build.0 = Release|x64
		{7852C673-F9FE-4C64-A886-8E5CBC4F26DF}.Release|x64.Deploy.0 = Release|x64
		{7852C673-F9FE-4C64-A886-8E5CBC4F26DF}.Release|x86.ActiveCfg = Release|x86
		{7852C673-F9FE-4C64-A886-8E5CBC4F26DF}.Release|x86.Build.0 = Release|x86
		{7852C673-F9FE-4C64-A886-8E5CBC4F26DF}.Release|x86.Deploy.0 = Release|x86
	EndGlobalSection
	GlobalSection(SolutionProperties) = preSolution
		HideSolutionNode = FALSE
	EndGlobalSection
EndGlobal
